
Microsoft Visual Studio Solution File, Format Version 12.00
# Visual Studio Version 17
VisualStudioVersion = 17.0.31912.275
MinimumVisualStudioVersion = 10.0.40219.1
Project("{FAE04EC0-301F-11D3-BF4B-00C04F79EFBC}") = "DAL", "DAL\DAL.csproj", "{1C55CF40-3F51-4099-A8C1-89844468914C}"
EndProject
Project("{FAE04EC0-301F-11D3-BF4B-00C04F79EFBC}") = "BLL", "BLL\BLL.csproj", "{F89A78B6-50EC-44F2-AD6B-E7D9AB537CD8}"
EndProject
Project("{FAE04EC0-301F-11D3-BF4B-00C04F79EFBC}") = "Angular_SmarAir", "Angular_SmarAir\Angular_SmarAir.csproj", "{4D88C524-EB3D-4148-ACCC-C945F8FAED03}"
EndProject
Project("{FAE04EC0-301F-11D3-BF4B-00C04F79EFBC}") = "SmartAir_Api", "SmartAir_Api\SmartAir_Api.csproj", "{B812564A-7A6F-420E-B1D3-10C7BF34957C}"
EndProject
Project("{FAE04EC0-301F-11D3-BF4B-00C04F79EFBC}") = "Mobile_Api", "Mobile_Api\Mobile_Api.csproj", "{56D637C8-5195-47B5-A269-5F9D71048A56}"
EndProject
Global
	GlobalSection(SolutionConfigurationPlatforms) = preSolution
		Debug|Any CPU = Debug|Any CPU
		Release|Any CPU = Release|Any CPU
	EndGlobalSection
	GlobalSection(ProjectConfigurationPlatforms) = postSolution
		{1C55CF40-3F51-4099-A8C1-89844468914C}.Debug|Any CPU.ActiveCfg = Debug|Any CPU
		{1C55CF40-3F51-4099-A8C1-89844468914C}.Debug|Any CPU.Build.0 = Debug|Any CPU
		{1C55CF40-3F51-4099-A8C1-89844468914C}.Release|Any CPU.ActiveCfg = Release|Any CPU
		{1C55CF40-3F51-4099-A8C1-89844468914C}.Release|Any CPU.Build.0 = Release|Any CPU
		{F89A78B6-50EC-44F2-AD6B-E7D9AB537CD8}.Debug|Any CPU.ActiveCfg = Debug|Any CPU
		{F89A78B6-50EC-44F2-AD6B-E7D9AB537CD8}.Debug|Any CPU.Build.0 = Debug|Any CPU
		{F89A78B6-50EC-44F2-AD6B-E7D9AB537CD8}.Release|Any CPU.ActiveCfg = Release|Any CPU
		{F89A78B6-50EC-44F2-AD6B-E7D9AB537CD8}.Release|Any CPU.Build.0 = Release|Any CPU
		{4D88C524-EB3D-4148-ACCC-C945F8FAED03}.Debug|Any CPU.ActiveCfg = Debug|Any CPU
		{4D88C524-EB3D-4148-ACCC-C945F8FAED03}.Debug|Any CPU.Build.0 = Debug|Any CPU
		{4D88C524-EB3D-4148-ACCC-C945F8FAED03}.Release|Any CPU.ActiveCfg = Release|Any CPU
		{4D88C524-EB3D-4148-ACCC-C945F8FAED03}.Release|Any CPU.Build.0 = Release|Any CPU
		{B812564A-7A6F-420E-B1D3-10C7BF34957C}.Debug|Any CPU.ActiveCfg = Debug|Any CPU
		{B812564A-7A6F-420E-B1D3-10C7BF34957C}.Debug|Any CPU.Build.0 = Debug|Any CPU
		{B812564A-7A6F-420E-B1D3-10C7BF34957C}.Release|Any CPU.ActiveCfg = Release|Any CPU
		{B812564A-7A6F-420E-B1D3-10C7BF34957C}.Release|Any CPU.Build.0 = Release|Any CPU
		{56D637C8-5195-47B5-A269-5F9D71048A56}.Debug|Any CPU.ActiveCfg = Debug|Any CPU
		{56D637C8-5195-47B5-A269-5F9D71048A56}.Debug|Any CPU.Build.0 = Debug|Any CPU
		{56D637C8-5195-47B5-A269-5F9D71048A56}.Release|Any CPU.ActiveCfg = Release|Any CPU
		{56D637C8-5195-47B5-A269-5F9D71048A56}.Release|Any CPU.Build.0 = Release|Any CPU
	EndGlobalSection
	GlobalSection(SolutionProperties) = preSolution
		HideSolutionNode = FALSE
	EndGlobalSection
	GlobalSection(ExtensibilityGlobals) = postSolution
		SolutionGuid = {11E94A0B-E7B9-44B5-9BDB-E82FE9E6F8B7}
	EndGlobalSection
EndGlobal
